
Microsoft Visual Studio Solution File, Format Version 11.00
# Visual Studio 2010
Project("{FAE04EC0-301F-11D3-BF4B-00C04F79EFBC}") = "Assembly-CSharp", "Assembly-CSharp.csproj", "{9e1ea6e6-f3a9-40d0-b469-4b504bc16b9b}"
EndProject
Project("{FAE04EC0-301F-11D3-BF4B-00C04F79EFBC}") = "Assembly-CSharp-Editor", "Assembly-CSharp-Editor.csproj", "{3d777f8d-07b1-f566-767f-7c1cf5c9b176}"
EndProject
Global
	GlobalSection(SolutionConfigurationPlatforms) = preSolution
		Debug|Any CPU = Debug|Any CPU
	EndGlobalSection
	GlobalSection(ProjectConfigurationPlatforms) = postSolution
		{9e1ea6e6-f3a9-40d0-b469-4b504bc16b9b}.Debug|Any CPU.ActiveCfg = Debug|Any CPU
		{9e1ea6e6-f3a9-40d0-b469-4b504bc16b9b}.Debug|Any CPU.Build.0 = Debug|Any CPU
		{3d777f8d-07b1-f566-767f-7c1cf5c9b176}.Debug|Any CPU.ActiveCfg = Debug|Any CPU
		{3d777f8d-07b1-f566-767f-7c1cf5c9b176}.Debug|Any CPU.Build.0 = Debug|Any CPU
	EndGlobalSection
	GlobalSection(SolutionProperties) = preSolution
		HideSolutionNode = FALSE
	EndGlobalSection
EndGlobal
